
Microsoft Visual Studio Solution File, Format Version 12.00
# Visual Studio Version 16
VisualStudioVersion = 16.0.31205.134
MinimumVisualStudioVersion = 10.0.40219.1
Project("{FAE04EC0-301F-11D3-BF4B-00C04F79EFBC}") = "BaseEmptyMVXProj.Core", "BaseEmptyMVXProj.Core\BaseEmptyMVXProj.Core.csproj", "{6A2DED6B-D21F-4060-957D-D7166162C9EC}"
EndProject
Project("{FAE04EC0-301F-11D3-BF4B-00C04F79EFBC}") = "BaseEmptyMVXProj.Wpf", "BaseEmptyMVXProj.Wpf\BaseEmptyMVXProj.Wpf.csproj", "{C20F4206-270C-45D1-830E-BE713DE8BD3B}"
EndProject
Global
	GlobalSection(SolutionConfigurationPlatforms) = preSolution
		Debug|Any CPU = Debug|Any CPU
		Release|Any CPU = Release|Any CPU
	EndGlobalSection
	GlobalSection(ProjectConfigurationPlatforms) = postSolution
		{6A2DED6B-D21F-4060-957D-D7166162C9EC}.Debug|Any CPU.ActiveCfg = Debug|Any CPU
		{6A2DED6B-D21F-4060-957D-D7166162C9EC}.Debug|Any CPU.Build.0 = Debug|Any CPU
		{6A2DED6B-D21F-4060-957D-D7166162C9EC}.Release|Any CPU.ActiveCfg = Release|Any CPU
		{6A2DED6B-D21F-4060-957D-D7166162C9EC}.Release|Any CPU.Build.0 = Release|Any CPU
		{C20F4206-270C-45D1-830E-BE713DE8BD3B}.Debug|Any CPU.ActiveCfg = Debug|Any CPU
		{C20F4206-270C-45D1-830E-BE713DE8BD3B}.Debug|Any CPU.Build.0 = Debug|Any CPU
		{C20F4206-270C-45D1-830E-BE713DE8BD3B}.Release|Any CPU.ActiveCfg = Release|Any CPU
		{C20F4206-270C-45D1-830E-BE713DE8BD3B}.Release|Any CPU.Build.0 = Release|Any CPU
	EndGlobalSection
	GlobalSection(SolutionProperties) = preSolution
		HideSolutionNode = FALSE
	EndGlobalSection
	GlobalSection(ExtensibilityGlobals) = postSolution
		SolutionGuid = {83710444-3F36-499F-83E7-96D92782144D}
	EndGlobalSection
EndGlobal
